
Microsoft Visual Studio Solution File, Format Version 12.00
# Visual Studio Version 17
VisualStudioVersion = 17.11.35219.272
MinimumVisualStudioVersion = 10.0.40219.1
Project("{9A19103F-16F7-4668-BE54-9A1E7A4F7556}") = "Main_App", "Product_Catalogue\Main_App.csproj", "{86DA61D6-6850-4B53-A34F-BC585FD30F3E}"
EndProject
Project("{9A19103F-16F7-4668-BE54-9A1E7A4F7556}") = "Resources.Tests", "Product_CatalogueTests\Resources.Tests.csproj", "{808CEB74-53FC-4317-9177-F4D4E2D8578C}"
EndProject
Project("{9A19103F-16F7-4668-BE54-9A1E7A4F7556}") = "Resources", "Resources\Resources.csproj", "{FB4EA549-89DB-4760-B90A-882E9FDBDD81}"
EndProject
Project("{FAE04EC0-301F-11D3-BF4B-00C04F79EFBC}") = "MainApp", "MainApp\MainApp.csproj", "{CB3ABD2F-A18E-4DDA-91BE-E1AA001AFE79}"
EndProject
Global
	GlobalSection(SolutionConfigurationPlatforms) = preSolution
		Debug|Any CPU = Debug|Any CPU
		Release|Any CPU = Release|Any CPU
	EndGlobalSection
	GlobalSection(ProjectConfigurationPlatforms) = postSolution
		{86DA61D6-6850-4B53-A34F-BC585FD30F3E}.Debug|Any CPU.ActiveCfg = Debug|Any CPU
		{86DA61D6-6850-4B53-A34F-BC585FD30F3E}.Debug|Any CPU.Build.0 = Debug|Any CPU
		{86DA61D6-6850-4B53-A34F-BC585FD30F3E}.Release|Any CPU.ActiveCfg = Release|Any CPU
		{86DA61D6-6850-4B53-A34F-BC585FD30F3E}.Release|Any CPU.Build.0 = Release|Any CPU
		{808CEB74-53FC-4317-9177-F4D4E2D8578C}.Debug|Any CPU.ActiveCfg = Debug|Any CPU
		{808CEB74-53FC-4317-9177-F4D4E2D8578C}.Debug|Any CPU.Build.0 = Debug|Any CPU
		{808CEB74-53FC-4317-9177-F4D4E2D8578C}.Release|Any CPU.ActiveCfg = Release|Any CPU
		{808CEB74-53FC-4317-9177-F4D4E2D8578C}.Release|Any CPU.Build.0 = Release|Any CPU
		{FB4EA549-89DB-4760-B90A-882E9FDBDD81}.Debug|Any CPU.ActiveCfg = Debug|Any CPU
		{FB4EA549-89DB-4760-B90A-882E9FDBDD81}.Debug|Any CPU.Build.0 = Debug|Any CPU
		{FB4EA549-89DB-4760-B90A-882E9FDBDD81}.Release|Any CPU.ActiveCfg = Release|Any CPU
		{FB4EA549-89DB-4760-B90A-882E9FDBDD81}.Release|Any CPU.Build.0 = Release|Any CPU
		{CB3ABD2F-A18E-4DDA-91BE-E1AA001AFE79}.Debug|Any CPU.ActiveCfg = Debug|Any CPU
		{CB3ABD2F-A18E-4DDA-91BE-E1AA001AFE79}.Debug|Any CPU.Build.0 = Debug|Any CPU
		{CB3ABD2F-A18E-4DDA-91BE-E1AA001AFE79}.Release|Any CPU.ActiveCfg = Release|Any CPU
		{CB3ABD2F-A18E-4DDA-91BE-E1AA001AFE79}.Release|Any CPU.Build.0 = Release|Any CPU
	EndGlobalSection
	GlobalSection(SolutionProperties) = preSolution
		HideSolutionNode = FALSE
	EndGlobalSection
	GlobalSection(ExtensibilityGlobals) = postSolution
		SolutionGuid = {4A812CAC-86EB-48A9-8C4C-5CD639584990}
	EndGlobalSection
EndGlobal
